
Microsoft Visual Studio Solution File, Format Version 12.00
# Visual Studio Version 17
VisualStudioVersion = 17.4.33205.214
MinimumVisualStudioVersion = 10.0.40219.1
Project("{FAE04EC0-301F-11D3-BF4B-00C04F79EFBC}") = "Lab3-interface", "Lab3-interface\Lab3-interface.csproj", "{23AE8684-6ADB-42BD-AA12-97B7C428D305}"
EndProject
Global
	GlobalSection(SolutionConfigurationPlatforms) = preSolution
		Debug|Any CPU = Debug|Any CPU
		Release|Any CPU = Release|Any CPU
	EndGlobalSection
	GlobalSection(ProjectConfigurationPlatforms) = postSolution
		{23AE8684-6ADB-42BD-AA12-97B7C428D305}.Debug|Any CPU.ActiveCfg = Debug|Any CPU
		{23AE8684-6ADB-42BD-AA12-97B7C428D305}.Debug|Any CPU.Build.0 = Debug|Any CPU
		{23AE8684-6ADB-42BD-AA12-97B7C428D305}.Release|Any CPU.ActiveCfg = Release|Any CPU
		{23AE8684-6ADB-42BD-AA12-97B7C428D305}.Release|Any CPU.Build.0 = Release|Any CPU
	EndGlobalSection
	GlobalSection(SolutionProperties) = preSolution
		HideSolutionNode = FALSE
	EndGlobalSection
	GlobalSection(ExtensibilityGlobals) = postSolution
		SolutionGuid = {A8588CD4-9257-49FF-98C1-0B5AAB2E1CBC}
	EndGlobalSection
EndGlobal
